
Microsoft Visual Studio Solution File, Format Version 12.00
# Visual Studio 14
VisualStudioVersion = 14.0.25123.0
MinimumVisualStudioVersion = 10.0.40219.1
Project("{FAE04EC0-301F-11D3-BF4B-00C04F79EFBC}") = "GuideDesPlanètesDuPetitVoyager", "GuideDesPlanètesDuPetitVoyager\GuideDesPlanètesDuPetitVoyager.csproj", "{FEEE0054-CED2-4934-9177-F65AE4562A6F}"
EndProject
Project("{FAE04EC0-301F-11D3-BF4B-00C04F79EFBC}") = "Library", "ClassLibrary1\Library.csproj", "{FEFCC65A-B69F-4C6C-89B1-46A7E9E4EB4C}"
EndProject
Project("{FAE04EC0-301F-11D3-BF4B-00C04F79EFBC}") = "UniverseBuilder", "UniverseBuilder\UniverseBuilder.csproj", "{87107C61-C8AC-4E41-A402-1E6D913988BA}"
EndProject
Project("{2150E333-8FDC-42A3-9474-1A3956D46DE8}") = "DataBaseScript", "DataBaseScript", "{76B53A80-4499-420C-945E-0CF70C143A71}"
	ProjectSection(SolutionItems) = preProject
		BaseDataBase.sql = BaseDataBase.sql
	EndProjectSection
EndProject
Project("{00D1A9C2-B5F0-4AF3-8072-F6C62B433612}") = "UniversDATABase", "UniversDATABase\UniversDATABase.sqlproj", "{48898E89-A8F4-4632-B28D-A82963BEC0D7}"
EndProject
Global
	GlobalSection(SolutionConfigurationPlatforms) = preSolution
		Debug|Any CPU = Debug|Any CPU
		Release|Any CPU = Release|Any CPU
	EndGlobalSection
	GlobalSection(ProjectConfigurationPlatforms) = postSolution
		{FEEE0054-CED2-4934-9177-F65AE4562A6F}.Debug|Any CPU.ActiveCfg = Debug|Any CPU
		{FEEE0054-CED2-4934-9177-F65AE4562A6F}.Debug|Any CPU.Build.0 = Debug|Any CPU
		{FEEE0054-CED2-4934-9177-F65AE4562A6F}.Release|Any CPU.ActiveCfg = Release|Any CPU
		{FEEE0054-CED2-4934-9177-F65AE4562A6F}.Release|Any CPU.Build.0 = Release|Any CPU
		{FEFCC65A-B69F-4C6C-89B1-46A7E9E4EB4C}.Debug|Any CPU.ActiveCfg = Debug|Any CPU
		{FEFCC65A-B69F-4C6C-89B1-46A7E9E4EB4C}.Debug|Any CPU.Build.0 = Debug|Any CPU
		{FEFCC65A-B69F-4C6C-89B1-46A7E9E4EB4C}.Release|Any CPU.ActiveCfg = Release|Any CPU
		{FEFCC65A-B69F-4C6C-89B1-46A7E9E4EB4C}.Release|Any CPU.Build.0 = Release|Any CPU
		{87107C61-C8AC-4E41-A402-1E6D913988BA}.Debug|Any CPU.ActiveCfg = Debug|Any CPU
		{87107C61-C8AC-4E41-A402-1E6D913988BA}.Debug|Any CPU.Build.0 = Debug|Any CPU
		{87107C61-C8AC-4E41-A402-1E6D913988BA}.Release|Any CPU.ActiveCfg = Release|Any CPU
		{87107C61-C8AC-4E41-A402-1E6D913988BA}.Release|Any CPU.Build.0 = Release|Any CPU
		{48898E89-A8F4-4632-B28D-A82963BEC0D7}.Debug|Any CPU.ActiveCfg = Debug|Any CPU
		{48898E89-A8F4-4632-B28D-A82963BEC0D7}.Debug|Any CPU.Build.0 = Debug|Any CPU
		{48898E89-A8F4-4632-B28D-A82963BEC0D7}.Debug|Any CPU.Deploy.0 = Debug|Any CPU
		{48898E89-A8F4-4632-B28D-A82963BEC0D7}.Release|Any CPU.ActiveCfg = Release|Any CPU
		{48898E89-A8F4-4632-B28D-A82963BEC0D7}.Release|Any CPU.Build.0 = Release|Any CPU
		{48898E89-A8F4-4632-B28D-A82963BEC0D7}.Release|Any CPU.Deploy.0 = Release|Any CPU
	EndGlobalSection
	GlobalSection(SolutionProperties) = preSolution
		HideSolutionNode = FALSE
	EndGlobalSection
EndGlobal
